
Microsoft Visual Studio Solution File, Format Version 12.00
Project("{FAE04EC0-301F-11D3-BF4B-00C04F79EFBC}") = "Metodo.CommandLine", "Metodo.CommandLine\Metodo.CommandLine.csproj", "{47249556-70D7-4ACA-A84B-214F75072971}"
EndProject
Project("{FAE04EC0-301F-11D3-BF4B-00C04F79EFBC}") = "Metodo.Test", "Metodo.Test\Metodo.Test.csproj", "{1CD692DA-AEF9-4C0B-91EB-CC3165D39B71}"
EndProject
Global
	GlobalSection(SolutionConfigurationPlatforms) = preSolution
		Debug|Any CPU = Debug|Any CPU
		Release|Any CPU = Release|Any CPU
	EndGlobalSection
	GlobalSection(ProjectConfigurationPlatforms) = postSolution
		{47249556-70D7-4ACA-A84B-214F75072971}.Debug|Any CPU.ActiveCfg = Debug|Any CPU
		{47249556-70D7-4ACA-A84B-214F75072971}.Debug|Any CPU.Build.0 = Debug|Any CPU
		{47249556-70D7-4ACA-A84B-214F75072971}.Release|Any CPU.ActiveCfg = Release|Any CPU
		{47249556-70D7-4ACA-A84B-214F75072971}.Release|Any CPU.Build.0 = Release|Any CPU
		{1CD692DA-AEF9-4C0B-91EB-CC3165D39B71}.Debug|Any CPU.ActiveCfg = Debug|Any CPU
		{1CD692DA-AEF9-4C0B-91EB-CC3165D39B71}.Debug|Any CPU.Build.0 = Debug|Any CPU
		{1CD692DA-AEF9-4C0B-91EB-CC3165D39B71}.Release|Any CPU.ActiveCfg = Release|Any CPU
		{1CD692DA-AEF9-4C0B-91EB-CC3165D39B71}.Release|Any CPU.Build.0 = Release|Any CPU
	EndGlobalSection
	GlobalSection(NestedProjects) = preSolution
	EndGlobalSection
EndGlobal
